
Microsoft Visual Studio Solution File, Format Version 12.00
# Visual Studio Version 16
VisualStudioVersion = 16.0.31605.320
MinimumVisualStudioVersion = 10.0.40219.1
Project("{9A19103F-16F7-4668-BE54-9A1E7A4F7556}") = "MediaControl", "MediaControl.csproj", "{2F1C7D30-3548-4AE3-B52C-0E1B74F17585}"
EndProject
Project("{9A19103F-16F7-4668-BE54-9A1E7A4F7556}") = "Services", "..\Services\Services.csproj", "{0E05422B-1C95-4D4E-A9DD-C75315F313E9}"
EndProject
Project("{FAE04EC0-301F-11D3-BF4B-00C04F79EFBC}") = "WFMediaControl", "..\WFMediaControl\WFMediaControl.csproj", "{3FEDD9AD-8752-4C90-AAAE-73EE3A847148}"
EndProject
Global
	GlobalSection(SolutionConfigurationPlatforms) = preSolution
		Debug|Any CPU = Debug|Any CPU
		Release|Any CPU = Release|Any CPU
	EndGlobalSection
	GlobalSection(ProjectConfigurationPlatforms) = postSolution
		{2F1C7D30-3548-4AE3-B52C-0E1B74F17585}.Debug|Any CPU.ActiveCfg = Debug|Any CPU
		{2F1C7D30-3548-4AE3-B52C-0E1B74F17585}.Debug|Any CPU.Build.0 = Debug|Any CPU
		{2F1C7D30-3548-4AE3-B52C-0E1B74F17585}.Release|Any CPU.ActiveCfg = Release|Any CPU
		{2F1C7D30-3548-4AE3-B52C-0E1B74F17585}.Release|Any CPU.Build.0 = Release|Any CPU
		{0E05422B-1C95-4D4E-A9DD-C75315F313E9}.Debug|Any CPU.ActiveCfg = Debug|Any CPU
		{0E05422B-1C95-4D4E-A9DD-C75315F313E9}.Debug|Any CPU.Build.0 = Debug|Any CPU
		{0E05422B-1C95-4D4E-A9DD-C75315F313E9}.Release|Any CPU.ActiveCfg = Release|Any CPU
		{0E05422B-1C95-4D4E-A9DD-C75315F313E9}.Release|Any CPU.Build.0 = Release|Any CPU
		{3FEDD9AD-8752-4C90-AAAE-73EE3A847148}.Debug|Any CPU.ActiveCfg = Debug|Any CPU
		{3FEDD9AD-8752-4C90-AAAE-73EE3A847148}.Debug|Any CPU.Build.0 = Debug|Any CPU
		{3FEDD9AD-8752-4C90-AAAE-73EE3A847148}.Release|Any CPU.ActiveCfg = Release|Any CPU
		{3FEDD9AD-8752-4C90-AAAE-73EE3A847148}.Release|Any CPU.Build.0 = Release|Any CPU
	EndGlobalSection
	GlobalSection(SolutionProperties) = preSolution
		HideSolutionNode = FALSE
	EndGlobalSection
	GlobalSection(ExtensibilityGlobals) = postSolution
		SolutionGuid = {614B9DAF-DCD2-4EB5-B712-91B6EDB5FE1C}
	EndGlobalSection
EndGlobal
